// !$*UTF8*$!
{
	archiveVersion = 1;
	classes = {
	};
	objectVersion = 50;
	objects = {

/* Begin PBXBuildFile section */
		5C23DEF925D29FE100BA468F /* FavoriteButton.swift in Sources */ = {isa = PBXBuildFile; fileRef = 5C23DEF825D29FE100BA468F /* FavoriteButton.swift */; };
		5CA599D825CB51AC000A5E3D /* landmarkData.json in Resources */ = {isa = PBXBuildFile; fileRef = 5CA599D725CB51AC000A5E3D /* landmarkData.json */; };
		5CA599DB25CB51D5000A5E3D /* Landmark.swift in Sources */ = {isa = PBXBuildFile; fileRef = 5CA599DA25CB51D5000A5E3D /* Landmark.swift */; };
		5CA599DE25CB5DAC000A5E3D /* ModelData.swift in Sources */ = {isa = PBXBuildFile; fileRef = 5CA599DD25CB5DAC000A5E3D /* ModelData.swift */; };
		5CC7E42B25C494DF00479B3A /* LandmarksApp.swift in Sources */ = {isa = PBXBuildFile; fileRef = 5CC7E42A25C494DF00479B3A /* LandmarksApp.swift */; };
		5CC7E42D25C494DF00479B3A /* ContentView.swift in Sources */ = {isa = PBXBuildFile; fileRef = 5CC7E42C25C494DF00479B3A /* ContentView.swift */; };
		5CC7E42F25C494E000479B3A /* Assets.xcassets in Resources */ = {isa = PBXBuildFile; fileRef = 5CC7E42E25C494E000479B3A /* Assets.xcassets */; };
		5CC7E43225C494E000479B3A /* Preview Assets.xcassets in Resources */ = {isa = PBXBuildFile; fileRef = 5CC7E43125C494E000479B3A /* Preview Assets.xcassets */; };
		5CC7E43B25C60B1600479B3A /* CircleImage.swift in Sources */ = {isa = PBXBuildFile; fileRef = 5CC7E43A25C60B1600479B3A /* CircleImage.swift */; };
		5CC7E44025C60D1F00479B3A /* MapView.swift in Sources */ = {isa = PBXBuildFile; fileRef = 5CC7E43F25C60D1F00479B3A /* MapView.swift */; };
		5CE9B81D25CC0AEC00393C71 /* LandmarkRow.swift in Sources */ = {isa = PBXBuildFile; fileRef = 5CE9B81C25CC0AEC00393C71 /* LandmarkRow.swift */; };
		5CE9B82125CC3FC200393C71 /* LandmarkList.swift in Sources */ = {isa = PBXBuildFile; fileRef = 5CE9B82025CC3FC200393C71 /* LandmarkList.swift */; };
		5CE9B82525CC42F500393C71 /* LandmarkDetail.swift in Sources */ = {isa = PBXBuildFile; fileRef = 5CE9B82425CC42F500393C71 /* LandmarkDetail.swift */; };
/* End PBXBuildFile section */

/* Begin PBXFileReference section */
		5C23DEF825D29FE100BA468F /* FavoriteButton.swift */ = {isa = PBXFileReference; lastKnownFileType = sourcecode.swift; path = FavoriteButton.swift; sourceTree = "<group>"; };
		5CA599D725CB51AC000A5E3D /* landmarkData.json */ = {isa = PBXFileReference; fileEncoding = 4; lastKnownFileType = text.json; path = landmarkData.json; sourceTree = "<group>"; };
		5CA599DA25CB51D5000A5E3D /* Landmark.swift */ = {isa = PBXFileReference; lastKnownFileType = sourcecode.swift; path = Landmark.swift; sourceTree = "<group>"; };
		5CA599DD25CB5DAC000A5E3D /* ModelData.swift */ = {isa = PBXFileReference; lastKnownFileType = sourcecode.swift; path = ModelData.swift; sourceTree = "<group>"; };
		5CC7E42725C494DF00479B3A /* Landmarks.app */ = {isa = PBXFileReference; explicitFileType = wrapper.application; includeInIndex = 0; path = Landmarks.app; sourceTree = BUILT_PRODUCTS_DIR; };
		5CC7E42A25C494DF00479B3A /* LandmarksApp.swift */ = {isa = PBXFileReference; lastKnownFileType = sourcecode.swift; path = LandmarksApp.swift; sourceTree = "<group>"; };
		5CC7E42C25C494DF00479B3A /* ContentView.swift */ = {isa = PBXFileReference; lastKnownFileType = sourcecode.swift; path = ContentView.swift; sourceTree = "<group>"; };
		5CC7E42E25C494E000479B3A /* Assets.xcassets */ = {isa = PBXFileReference; lastKnownFileType = folder.assetcatalog; path = Assets.xcassets; sourceTree = "<group>"; };
		5CC7E43125C494E000479B3A /* Preview Assets.xcassets */ = {isa = PBXFileReference; lastKnownFileType = folder.assetcatalog; path = "Preview Assets.xcassets"; sourceTree = "<group>"; };
		5CC7E43325C494E000479B3A /* Info.plist */ = {isa = PBXFileReference; lastKnownFileType = text.plist.xml; path = Info.plist; sourceTree = "<group>"; };
		5CC7E43A25C60B1600479B3A /* CircleImage.swift */ = {isa = PBXFileReference; lastKnownFileType = sourcecode.swift; path = CircleImage.swift; sourceTree = "<group>"; };
		5CC7E43F25C60D1F00479B3A /* MapView.swift */ = {isa = PBXFileReference; lastKnownFileType = sourcecode.swift; path = MapView.swift; sourceTree = "<group>"; };
		5CE9B81C25CC0AEC00393C71 /* LandmarkRow.swift */ = {isa = PBXFileReference; lastKnownFileType = sourcecode.swift; path = LandmarkRow.swift; sourceTree = "<group>"; };
		5CE9B82025CC3FC200393C71 /* LandmarkList.swift */ = {isa = PBXFileReference; lastKnownFileType = sourcecode.swift; path = LandmarkList.swift; sourceTree = "<group>"; };
		5CE9B82425CC42F500393C71 /* LandmarkDetail.swift */ = {isa = PBXFileReference; lastKnownFileType = sourcecode.swift; path = LandmarkDetail.swift; sourceTree = "<group>"; };
/* End PBXFileReference section */

/* Begin PBXFrameworksBuildPhase section */
		5CC7E42425C494DF00479B3A /* Frameworks */ = {
			isa = PBXFrameworksBuildPhase;
			buildActionMask = 2147483647;
			files = (
			);
			runOnlyForDeploymentPostprocessing = 0;
		};
/* End PBXFrameworksBuildPhase section */

/* Begin PBXGroup section */
		5C23DEFB25D2A2A400BA468F /* Helpers */ = {
			isa = PBXGroup;
			children = (
				5CC7E43A25C60B1600479B3A /* CircleImage.swift */,
				5C23DEF825D29FE100BA468F /* FavoriteButton.swift */,
				5CC7E43F25C60D1F00479B3A /* MapView.swift */,
			);
			path = Helpers;
			sourceTree = "<group>";
		};
		5C23DEFC25D2A2BB00BA468F /* Landmarks */ = {
			isa = PBXGroup;
			children = (
				5CE9B82425CC42F500393C71 /* LandmarkDetail.swift */,
				5CE9B82025CC3FC200393C71 /* LandmarkList.swift */,
				5CE9B81C25CC0AEC00393C71 /* LandmarkRow.swift */,
			);
			path = Landmarks;
			sourceTree = "<group>";
		};
		5CC7E41E25C494DF00479B3A = {
			isa = PBXGroup;
			children = (
				5CC7E42925C494DF00479B3A /* Landmarks */,
				5CC7E42825C494DF00479B3A /* Products */,
			);
			sourceTree = "<group>";
		};
		5CC7E42825C494DF00479B3A /* Products */ = {
			isa = PBXGroup;
			children = (
				5CC7E42725C494DF00479B3A /* Landmarks.app */,
			);
			name = Products;
			sourceTree = "<group>";
		};
		5CC7E42925C494DF00479B3A /* Landmarks */ = {
			isa = PBXGroup;
			children = (
				5CE9B81625CC097B00393C71 /* Model */,
				5CE9B81725CC098A00393C71 /* Resources */,
				5CE9B81525CC096500393C71 /* Views */,
				5CC7E42A25C494DF00479B3A /* LandmarksApp.swift */,
				5CC7E42E25C494E000479B3A /* Assets.xcassets */,
				5CC7E43325C494E000479B3A /* Info.plist */,
				5CC7E43025C494E000479B3A /* Preview Content */,
			);
			path = Landmarks;
			sourceTree = "<group>";
		};
		5CC7E43025C494E000479B3A /* Preview Content */ = {
			isa = PBXGroup;
			children = (
				5CC7E43125C494E000479B3A /* Preview Assets.xcassets */,
			);
			path = "Preview Content";
			sourceTree = "<group>";
		};
		5CE9B81525CC096500393C71 /* Views */ = {
			isa = PBXGroup;
			children = (
				5CC7E42C25C494DF00479B3A /* ContentView.swift */,
				5C23DEFB25D2A2A400BA468F /* Helpers */,
				5C23DEFC25D2A2BB00BA468F /* Landmarks */,
			);
			path = Views;
			sourceTree = "<group>";
		};
		5CE9B81625CC097B00393C71 /* Model */ = {
			isa = PBXGroup;
			children = (
				5CA599DA25CB51D5000A5E3D /* Landmark.swift */,
				5CA599DD25CB5DAC000A5E3D /* ModelData.swift */,
			);
			path = Model;
			sourceTree = "<group>";
		};
		5CE9B81725CC098A00393C71 /* Resources */ = {
			isa = PBXGroup;
			children = (
				5CA599D725CB51AC000A5E3D /* landmarkData.json */,
			);
			path = Resources;
			sourceTree = "<group>";
		};
/* End PBXGroup section */

/* Begin PBXNativeTarget section */
		5CC7E42625C494DF00479B3A /* Landmarks */ = {
			isa = PBXNativeTarget;
			buildConfigurationList = 5CC7E43625C494E000479B3A /* Build configuration list for PBXNativeTarget "Landmarks" */;
			buildPhases = (
				5CC7E42325C494DF00479B3A /* Sources */,
				5CC7E42425C494DF00479B3A /* Frameworks */,
				5CC7E42525C494DF00479B3A /* Resources */,
			);
			buildRules = (
			);
			dependencies = (
			);
			name = Landmarks;
			productName = Landmarks;
			productReference = 5CC7E42725C494DF00479B3A /* Landmarks.app */;
			productType = "com.apple.product-type.application";
		};
/* End PBXNativeTarget section */

/* Begin PBXProject section */
		5CC7E41F25C494DF00479B3A /* Project object */ = {
			isa = PBXProject;
			attributes = {
				LastSwiftUpdateCheck = 1240;
				LastUpgradeCheck = 1240;
				TargetAttributes = {
					5CC7E42625C494DF00479B3A = {
						CreatedOnToolsVersion = 12.4;
					};
				};
			};
			buildConfigurationList = 5CC7E42225C494DF00479B3A /* Build configuration list for PBXProject "Landmarks" */;
			compatibilityVersion = "Xcode 9.3";
			developmentRegion = en;
			hasScannedForEncodings = 0;
			knownRegions = (
				en,
				Base,
			);
			mainGroup = 5CC7E41E25C494DF00479B3A;
			productRefGroup = 5CC7E42825C494DF00479B3A /* Products */;
			projectDirPath = "";
			projectRoot = "";
			targets = (
				5CC7E42625C494DF00479B3A /* Landmarks */,
			);
		};
/* End PBXProject section */

/* Begin PBXResourcesBuildPhase section */
		5CC7E42525C494DF00479B3A /* Resources */ = {
			isa = PBXResourcesBuildPhase;
			buildActionMask = 2147483647;
			files = (
				5CC7E43225C494E000479B3A /* Preview Assets.xcassets in Resources */,
				5CC7E42F25C494E000479B3A /* Assets.xcassets in Resources */,
				5CA599D825CB51AC000A5E3D /* landmarkData.json in Resources */,
			);
			runOnlyForDeploymentPostprocessing = 0;
		};
/* End PBXResourcesBuildPhase section */

/* Begin PBXSourcesBuildPhase section */
		5CC7E42325C494DF00479B3A /* Sources */ = {
			isa = PBXSourcesBuildPhase;
			buildActionMask = 2147483647;
			files = (
				5CC7E42D25C494DF00479B3A /* ContentView.swift in Sources */,
				5CC7E44025C60D1F00479B3A /* MapView.swift in Sources */,
				5CC7E42B25C494DF00479B3A /* LandmarksApp.swift in Sources */,
				5C23DEF925D29FE100BA468F /* FavoriteButton.swift in Sources */,
				5CE9B82125CC3FC200393C71 /* LandmarkList.swift in Sources */,
				5CE9B82525CC42F500393C71 /* LandmarkDetail.swift in Sources */,
				5CC7E43B25C60B1600479B3A /* CircleImage.swift in Sources */,
				5CA599DB25CB51D5000A5E3D /* Landmark.swift in Sources */,
				5CE9B81D25CC0AEC00393C71 /* LandmarkRow.swift in Sources */,
				5CA599DE25CB5DAC000A5E3D /* ModelData.swift in Sources */,
			);
			runOnlyForDeploymentPostprocessing = 0;
		};
/* End PBXSourcesBuildPhase section */

/* Begin XCBuildConfiguration section */
		5CC7E43425C494E000479B3A /* Debug */ = {
			isa = XCBuildConfiguration;
			buildSettings = {
				ALWAYS_SEARCH_USER_PATHS = NO;
				CLANG_ANALYZER_NONNULL = YES;
				CLANG_ANALYZER_NUMBER_OBJECT_CONVERSION = YES_AGGRESSIVE;
				CLANG_CXX_LANGUAGE_STANDARD = "gnu++14";
				CLANG_CXX_LIBRARY = "libc++";
				CLANG_ENABLE_MODULES = YES;
				CLANG_ENABLE_OBJC_ARC = YES;
				CLANG_ENABLE_OBJC_WEAK = YES;
				CLANG_WARN_BLOCK_CAPTURE_AUTORELEASING = YES;
				CLANG_WARN_BOOL_CONVERSION = YES;
				CLANG_WARN_COMMA = YES;
				CLANG_WARN_CONSTANT_CONVERSION = YES;
				CLANG_WARN_DEPRECATED_OBJC_IMPLEMENTATIONS = YES;
				CLANG_WARN_DIRECT_OBJC_ISA_USAGE = YES_ERROR;
				CLANG_WARN_DOCUMENTATION_COMMENTS = YES;
				CLANG_WARN_EMPTY_BODY = YES;
				CLANG_WARN_ENUM_CONVERSION = YES;
				CLANG_WARN_INFINITE_RECURSION = YES;
				CLANG_WARN_INT_CONVERSION = YES;
				CLANG_WARN_NON_LITERAL_NULL_CONVERSION = YES;
				CLANG_WARN_OBJC_IMPLICIT_RETAIN_SELF = YES;
				CLANG_WARN_OBJC_LITERAL_CONVERSION = YES;
				CLANG_WARN_OBJC_ROOT_CLASS = YES_ERROR;
				CLANG_WARN_QUOTED_INCLUDE_IN_FRAMEWORK_HEADER = YES;
				CLANG_WARN_RANGE_LOOP_ANALYSIS = YES;
				CLANG_WARN_STRICT_PROTOTYPES = YES;
				CLANG_WARN_SUSPICIOUS_MOVE = YES;
				CLANG_WARN_UNGUARDED_AVAILABILITY = YES_AGGRESSIVE;
				CLANG_WARN_UNREACHABLE_CODE = YES;
				CLANG_WARN__DUPLICATE_METHOD_MATCH = YES;
				COPY_PHASE_STRIP = NO;
				DEBUG_INFORMATION_FORMAT = dwarf;
				ENABLE_STRICT_OBJC_MSGSEND = YES;
				ENABLE_TESTABILITY = YES;
				GCC_C_LANGUAGE_STANDARD = gnu11;
				GCC_DYNAMIC_NO_PIC = NO;
				GCC_NO_COMMON_BLOCKS = YES;
				GCC_OPTIMIZATION_LEVEL = 0;
				GCC_PREPROCESSOR_DEFINITIONS = (
					"DEBUG=1",
					"$(inherited)",
				);
				GCC_WARN_64_TO_32_BIT_CONVERSION = YES;
				GCC_WARN_ABOUT_RETURN_TYPE = YES_ERROR;
				GCC_WARN_UNDECLARED_SELECTOR = YES;
				GCC_WARN_UNINITIALIZED_AUTOS = YES_AGGRESSIVE;
				GCC_WARN_UNUSED_FUNCTION = YES;
				GCC_WARN_UNUSED_VARIABLE = YES;
				IPHONEOS_DEPLOYMENT_TARGET = 14.4;
				MTL_ENABLE_DEBUG_INFO = INCLUDE_SOURCE;
				MTL_FAST_MATH = YES;
				ONLY_ACTIVE_ARCH = YES;
				SDKROOT = iphoneos;
				SWIFT_ACTIVE_COMPILATION_CONDITIONS = DEBUG;
				SWIFT_OPTIMIZATION_LEVEL = "-Onone";
			};
			name = Debug;
		};
		5CC7E43525C494E000479B3A /* Release */ = {
			isa = XCBuildConfiguration;
			buildSettings = {
				ALWAYS_SEARCH_USER_PATHS = NO;
				CLANG_ANALYZER_NONNULL = YES;
				CLANG_ANALYZER_NUMBER_OBJECT_CONVERSION = YES_AGGRESSIVE;
				CLANG_CXX_LANGUAGE_STANDARD = "gnu++14";
				CLANG_CXX_LIBRARY = "libc++";
				CLANG_ENABLE_MODULES = YES;
				CLANG_ENABLE_OBJC_ARC = YES;
				CLANG_ENABLE_OBJC_WEAK = YES;
				CLANG_WARN_BLOCK_CAPTURE_AUTORELEASING = YES;
				CLANG_WARN_BOOL_CONVERSION = YES;
				CLANG_WARN_COMMA = YES;
				CLANG_WARN_CONSTANT_CONVERSION = YES;
				CLANG_WARN_DEPRECATED_OBJC_IMPLEMENTATIONS = YES;
				CLANG_WARN_DIRECT_OBJC_ISA_USAGE = YES_ERROR;
				CLANG_WARN_DOCUMENTATION_COMMENTS = YES;
				CLANG_WARN_EMPTY_BODY = YES;
				CLANG_WARN_ENUM_CONVERSION = YES;
				CLANG_WARN_INFINITE_RECURSION = YES;
				CLANG_WARN_INT_CONVERSION = YES;
				CLANG_WARN_NON_LITERAL_NULL_CONVERSION = YES;
				CLANG_WARN_OBJC_IMPLICIT_RETAIN_SELF = YES;
				CLANG_WARN_OBJC_LITERAL_CONVERSION = YES;
				CLANG_WARN_OBJC_ROOT_CLASS = YES_ERROR;
				CLANG_WARN_QUOTED_INCLUDE_IN_FRAMEWORK_HEADER = YES;
				CLANG_WARN_RANGE_LOOP_ANALYSIS = YES;
				CLANG_WARN_STRICT_PROTOTYPES = YES;
				CLANG_WARN_SUSPICIOUS_MOVE = YES;
				CLANG_WARN_UNGUARDED_AVAILABILITY = YES_AGGRESSIVE;
				CLANG_WARN_UNREACHABLE_CODE = YES;
				CLANG_WARN__DUPLICATE_METHOD_MATCH = YES;
				COPY_PHASE_STRIP = NO;
				DEBUG_INFORMATION_FORMAT = "dwarf-with-dsym";
				ENABLE_NS_ASSERTIONS = NO;
				ENABLE_STRICT_OBJC_MSGSEND = YES;
				GCC_C_LANGUAGE_STANDARD = gnu11;
				GCC_NO_COMMON_BLOCKS = YES;
				GCC_WARN_64_TO_32_BIT_CONVERSION = YES;
				GCC_WARN_ABOUT_RETURN_TYPE = YES_ERROR;
				GCC_WARN_UNDECLARED_SELECTOR = YES;
				GCC_WARN_UNINITIALIZED_AUTOS = YES_AGGRESSIVE;
				GCC_WARN_UNUSED_FUNCTION = YES;
				GCC_WARN_UNUSED_VARIABLE = YES;
				IPHONEOS_DEPLOYMENT_TARGET = 14.4;
				MTL_ENABLE_DEBUG_INFO = NO;
				MTL_FAST_MATH = YES;
				SDKROOT = iphoneos;
				SWIFT_COMPILATION_MODE = wholemodule;
				SWIFT_OPTIMIZATION_LEVEL = "-O";
				VALIDATE_PRODUCT = YES;
			};
			name = Release;
		};
		5CC7E43725C494E000479B3A /* Debug */ = {
			isa = XCBuildConfiguration;
			buildSettings = {
				ASSETCATALOG_COMPILER_APPICON_NAME = AppIcon;
				ASSETCATALOG_COMPILER_GLOBAL_ACCENT_COLOR_NAME = AccentColor;
				CODE_SIGN_STYLE = Automatic;
				DEVELOPMENT_ASSET_PATHS = "\"Landmarks/Preview Content\"";
				DEVELOPMENT_TEAM = 49NQY3MAJ3;
				ENABLE_PREVIEWS = YES;
				INFOPLIST_FILE = Landmarks/Info.plist;
				IPHONEOS_DEPLOYMENT_TARGET = 14.0;
				LD_RUNPATH_SEARCH_PATHS = (
					"$(inherited)",
					"@executable_path/Frameworks",
				);
				PRODUCT_BUNDLE_IDENTIFIER = io.warchimede.Landmarks;
				PRODUCT_NAME = "$(TARGET_NAME)";
				SWIFT_VERSION = 5.0;
				TARGETED_DEVICE_FAMILY = "1,2";
			};
			name = Debug;
		};
		5CC7E43825C494E000479B3A /* Release */ = {
			isa = XCBuildConfiguration;
			buildSettings = {
				ASSETCATALOG_COMPILER_APPICON_NAME = AppIcon;
				ASSETCATALOG_COMPILER_GLOBAL_ACCENT_COLOR_NAME = AccentColor;
				CODE_SIGN_STYLE = Automatic;
				DEVELOPMENT_ASSET_PATHS = "\"Landmarks/Preview Content\"";
				DEVELOPMENT_TEAM = 49NQY3MAJ3;
				ENABLE_PREVIEWS = YES;
				INFOPLIST_FILE = Landmarks/Info.plist;
				IPHONEOS_DEPLOYMENT_TARGET = 14.0;
				LD_RUNPATH_SEARCH_PATHS = (
					"$(inherited)",
					"@executable_path/Frameworks",
				);
				PRODUCT_BUNDLE_IDENTIFIER = io.warchimede.Landmarks;
				PRODUCT_NAME = "$(TARGET_NAME)";
				SWIFT_VERSION = 5.0;
				TARGETED_DEVICE_FAMILY = "1,2";
			};
			name = Release;
		};
/* End XCBuildConfiguration section */

/* Begin XCConfigurationList section */
		5CC7E42225C494DF00479B3A /* Build configuration list for PBXProject "Landmarks" */ = {
			isa = XCConfigurationList;
			buildConfigurations = (
				5CC7E43425C494E000479B3A /* Debug */,
				5CC7E43525C494E000479B3A /* Release */,
			);
			defaultConfigurationIsVisible = 0;
			defaultConfigurationName = Release;
		};
		5CC7E43625C494E000479B3A /* Build configuration list for PBXNativeTarget "Landmarks" */ = {
			isa = XCConfigurationList;
			buildConfigurations = (
				5CC7E43725C494E000479B3A /* Debug */,
				5CC7E43825C494E000479B3A /* Release */,
			);
			defaultConfigurationIsVisible = 0;
			defaultConfigurationName = Release;
		};
/* End XCConfigurationList section */
	};
	rootObject = 5CC7E41F25C494DF00479B3A /* Project object */;
}
